// !$*UTF8*$!
{
	archiveVersion = 1;
	classes = {
	};
	objectVersion = 55;
	objects = {

/* Begin PBXBuildFile section */
		378F7CF39C951B2917931314 /* Pods_AzureBlobStorateTest.framework in Frameworks */ = {isa = PBXBuildFile; fileRef = 979723EEEF0AB3867A7B92E8 /* Pods_AzureBlobStorateTest.framework */; };
		77A713BCB62F801183F95C25 /* Pods_AzureBlobStorateTestTests.framework in Frameworks */ = {isa = PBXBuildFile; fileRef = FC62671C567E51DC73F7161B /* Pods_AzureBlobStorateTestTests.framework */; };
		96357A832753979500FFC0F3 /* AppDelegate.swift in Sources */ = {isa = PBXBuildFile; fileRef = 96357A822753979500FFC0F3 /* AppDelegate.swift */; };
		96357A852753979500FFC0F3 /* SceneDelegate.swift in Sources */ = {isa = PBXBuildFile; fileRef = 96357A842753979500FFC0F3 /* SceneDelegate.swift */; };
		96357A872753979500FFC0F3 /* ViewController.swift in Sources */ = {isa = PBXBuildFile; fileRef = 96357A862753979500FFC0F3 /* ViewController.swift */; };
		96357A8A2753979500FFC0F3 /* Main.storyboard in Resources */ = {isa = PBXBuildFile; fileRef = 96357A882753979500FFC0F3 /* Main.storyboard */; };
		96357A8C2753979500FFC0F3 /* Assets.xcassets in Resources */ = {isa = PBXBuildFile; fileRef = 96357A8B2753979500FFC0F3 /* Assets.xcassets */; };
		96357A8F2753979500FFC0F3 /* LaunchScreen.storyboard in Resources */ = {isa = PBXBuildFile; fileRef = 96357A8D2753979500FFC0F3 /* LaunchScreen.storyboard */; };
		96357A9A2753979600FFC0F3 /* AzureBlobStorateTestTests.swift in Sources */ = {isa = PBXBuildFile; fileRef = 96357A992753979600FFC0F3 /* AzureBlobStorateTestTests.swift */; };
		96357AA42753979600FFC0F3 /* AzureBlobStorateTestUITests.swift in Sources */ = {isa = PBXBuildFile; fileRef = 96357AA32753979600FFC0F3 /* AzureBlobStorateTestUITests.swift */; };
		96357AA62753979600FFC0F3 /* AzureBlobStorateTestUITestsLaunchTests.swift in Sources */ = {isa = PBXBuildFile; fileRef = 96357AA52753979600FFC0F3 /* AzureBlobStorateTestUITestsLaunchTests.swift */; };
		CF92888C53D35884F126C09E /* Pods_AzureBlobStorateTest_AzureBlobStorateTestUITests.framework in Frameworks */ = {isa = PBXBuildFile; fileRef = C5FE77656C1D4FD63D42F269 /* Pods_AzureBlobStorateTest_AzureBlobStorateTestUITests.framework */; };
/* End PBXBuildFile section */

/* Begin PBXContainerItemProxy section */
		96357A962753979600FFC0F3 /* PBXContainerItemProxy */ = {
			isa = PBXContainerItemProxy;
			containerPortal = 96357A772753979500FFC0F3 /* Project object */;
			proxyType = 1;
			remoteGlobalIDString = 96357A7E2753979500FFC0F3;
			remoteInfo = AzureBlobStorateTest;
		};
		96357AA02753979600FFC0F3 /* PBXContainerItemProxy */ = {
			isa = PBXContainerItemProxy;
			containerPortal = 96357A772753979500FFC0F3 /* Project object */;
			proxyType = 1;
			remoteGlobalIDString = 96357A7E2753979500FFC0F3;
			remoteInfo = AzureBlobStorateTest;
		};
/* End PBXContainerItemProxy section */

/* Begin PBXFileReference section */
		192641466F6668F026CC654A /* Pods-AzureBlobStorateTestTests.release.xcconfig */ = {isa = PBXFileReference; includeInIndex = 1; lastKnownFileType = text.xcconfig; name = "Pods-AzureBlobStorateTestTests.release.xcconfig"; path = "Target Support Files/Pods-AzureBlobStorateTestTests/Pods-AzureBlobStorateTestTests.release.xcconfig"; sourceTree = "<group>"; };
		34F19D76A77DD1AAF37D10C8 /* Pods-AzureBlobStorateTest-AzureBlobStorateTestUITests.release.xcconfig */ = {isa = PBXFileReference; includeInIndex = 1; lastKnownFileType = text.xcconfig; name = "Pods-AzureBlobStorateTest-AzureBlobStorateTestUITests.release.xcconfig"; path = "Target Support Files/Pods-AzureBlobStorateTest-AzureBlobStorateTestUITests/Pods-AzureBlobStorateTest-AzureBlobStorateTestUITests.release.xcconfig"; sourceTree = "<group>"; };
		4AFE42DD58BEFE9292EA622D /* Pods-AzureBlobStorateTestTests.debug.xcconfig */ = {isa = PBXFileReference; includeInIndex = 1; lastKnownFileType = text.xcconfig; name = "Pods-AzureBlobStorateTestTests.debug.xcconfig"; path = "Target Support Files/Pods-AzureBlobStorateTestTests/Pods-AzureBlobStorateTestTests.debug.xcconfig"; sourceTree = "<group>"; };
		78C4DCDBDFF37D9D34E4B190 /* Pods-AzureBlobStorateTest-AzureBlobStorateTestUITests.debug.xcconfig */ = {isa = PBXFileReference; includeInIndex = 1; lastKnownFileType = text.xcconfig; name = "Pods-AzureBlobStorateTest-AzureBlobStorateTestUITests.debug.xcconfig"; path = "Target Support Files/Pods-AzureBlobStorateTest-AzureBlobStorateTestUITests/Pods-AzureBlobStorateTest-AzureBlobStorateTestUITests.debug.xcconfig"; sourceTree = "<group>"; };
		96357A7F2753979500FFC0F3 /* AzureBlobStorateTest.app */ = {isa = PBXFileReference; explicitFileType = wrapper.application; includeInIndex = 0; path = AzureBlobStorateTest.app; sourceTree = BUILT_PRODUCTS_DIR; };
		96357A822753979500FFC0F3 /* AppDelegate.swift */ = {isa = PBXFileReference; lastKnownFileType = sourcecode.swift; path = AppDelegate.swift; sourceTree = "<group>"; };
		96357A842753979500FFC0F3 /* SceneDelegate.swift */ = {isa = PBXFileReference; lastKnownFileType = sourcecode.swift; path = SceneDelegate.swift; sourceTree = "<group>"; };
		96357A862753979500FFC0F3 /* ViewController.swift */ = {isa = PBXFileReference; lastKnownFileType = sourcecode.swift; path = ViewController.swift; sourceTree = "<group>"; };
		96357A892753979500FFC0F3 /* Base */ = {isa = PBXFileReference; lastKnownFileType = file.storyboard; name = Base; path = Base.lproj/Main.storyboard; sourceTree = "<group>"; };
		96357A8B2753979500FFC0F3 /* Assets.xcassets */ = {isa = PBXFileReference; lastKnownFileType = folder.assetcatalog; path = Assets.xcassets; sourceTree = "<group>"; };
		96357A8E2753979500FFC0F3 /* Base */ = {isa = PBXFileReference; lastKnownFileType = file.storyboard; name = Base; path = Base.lproj/LaunchScreen.storyboard; sourceTree = "<group>"; };
		96357A902753979500FFC0F3 /* Info.plist */ = {isa = PBXFileReference; lastKnownFileType = text.plist.xml; path = Info.plist; sourceTree = "<group>"; };
		96357A952753979600FFC0F3 /* AzureBlobStorateTestTests.xctest */ = {isa = PBXFileReference; explicitFileType = wrapper.cfbundle; includeInIndex = 0; path = AzureBlobStorateTestTests.xctest; sourceTree = BUILT_PRODUCTS_DIR; };
		96357A992753979600FFC0F3 /* AzureBlobStorateTestTests.swift */ = {isa = PBXFileReference; lastKnownFileType = sourcecode.swift; path = AzureBlobStorateTestTests.swift; sourceTree = "<group>"; };
		96357A9F2753979600FFC0F3 /* AzureBlobStorateTestUITests.xctest */ = {isa = PBXFileReference; explicitFileType = wrapper.cfbundle; includeInIndex = 0; path = AzureBlobStorateTestUITests.xctest; sourceTree = BUILT_PRODUCTS_DIR; };
		96357AA32753979600FFC0F3 /* AzureBlobStorateTestUITests.swift */ = {isa = PBXFileReference; lastKnownFileType = sourcecode.swift; path = AzureBlobStorateTestUITests.swift; sourceTree = "<group>"; };
		96357AA52753979600FFC0F3 /* AzureBlobStorateTestUITestsLaunchTests.swift */ = {isa = PBXFileReference; lastKnownFileType = sourcecode.swift; path = AzureBlobStorateTestUITestsLaunchTests.swift; sourceTree = "<group>"; };
		96357AB2275399E600FFC0F3 /* Bridging-Header.h */ = {isa = PBXFileReference; lastKnownFileType = sourcecode.c.h; path = "Bridging-Header.h"; sourceTree = "<group>"; };
		979723EEEF0AB3867A7B92E8 /* Pods_AzureBlobStorateTest.framework */ = {isa = PBXFileReference; explicitFileType = wrapper.framework; includeInIndex = 0; path = Pods_AzureBlobStorateTest.framework; sourceTree = BUILT_PRODUCTS_DIR; };
		9B02767FC730B13A2505F6BB /* Pods-AzureBlobStorateTest.debug.xcconfig */ = {isa = PBXFileReference; includeInIndex = 1; lastKnownFileType = text.xcconfig; name = "Pods-AzureBlobStorateTest.debug.xcconfig"; path = "Target Support Files/Pods-AzureBlobStorateTest/Pods-AzureBlobStorateTest.debug.xcconfig"; sourceTree = "<group>"; };
		B29B3386774EE842E0EB0032 /* Pods-AzureBlobStorateTest.release.xcconfig */ = {isa = PBXFileReference; includeInIndex = 1; lastKnownFileType = text.xcconfig; name = "Pods-AzureBlobStorateTest.release.xcconfig"; path = "Target Support Files/Pods-AzureBlobStorateTest/Pods-AzureBlobStorateTest.release.xcconfig"; sourceTree = "<group>"; };
		C5FE77656C1D4FD63D42F269 /* Pods_AzureBlobStorateTest_AzureBlobStorateTestUITests.framework */ = {isa = PBXFileReference; explicitFileType = wrapper.framework; includeInIndex = 0; path = Pods_AzureBlobStorateTest_AzureBlobStorateTestUITests.framework; sourceTree = BUILT_PRODUCTS_DIR; };
		FC62671C567E51DC73F7161B /* Pods_AzureBlobStorateTestTests.framework */ = {isa = PBXFileReference; explicitFileType = wrapper.framework; includeInIndex = 0; path = Pods_AzureBlobStorateTestTests.framework; sourceTree = BUILT_PRODUCTS_DIR; };
/* End PBXFileReference section */

/* Begin PBXFrameworksBuildPhase section */
		96357A7C2753979500FFC0F3 /* Frameworks */ = {
			isa = PBXFrameworksBuildPhase;
			buildActionMask = 2147483647;
			files = (
				378F7CF39C951B2917931314 /* Pods_AzureBlobStorateTest.framework in Frameworks */,
			);
			runOnlyForDeploymentPostprocessing = 0;
		};
		96357A922753979600FFC0F3 /* Frameworks */ = {
			isa = PBXFrameworksBuildPhase;
			buildActionMask = 2147483647;
			files = (
				77A713BCB62F801183F95C25 /* Pods_AzureBlobStorateTestTests.framework in Frameworks */,
			);
			runOnlyForDeploymentPostprocessing = 0;
		};
		96357A9C2753979600FFC0F3 /* Frameworks */ = {
			isa = PBXFrameworksBuildPhase;
			buildActionMask = 2147483647;
			files = (
				CF92888C53D35884F126C09E /* Pods_AzureBlobStorateTest_AzureBlobStorateTestUITests.framework in Frameworks */,
			);
			runOnlyForDeploymentPostprocessing = 0;
		};
/* End PBXFrameworksBuildPhase section */

/* Begin PBXGroup section */
		3FA2223A5206EF3B63C4BAA3 /* Pods */ = {
			isa = PBXGroup;
			children = (
				9B02767FC730B13A2505F6BB /* Pods-AzureBlobStorateTest.debug.xcconfig */,
				B29B3386774EE842E0EB0032 /* Pods-AzureBlobStorateTest.release.xcconfig */,
				78C4DCDBDFF37D9D34E4B190 /* Pods-AzureBlobStorateTest-AzureBlobStorateTestUITests.debug.xcconfig */,
				34F19D76A77DD1AAF37D10C8 /* Pods-AzureBlobStorateTest-AzureBlobStorateTestUITests.release.xcconfig */,
				4AFE42DD58BEFE9292EA622D /* Pods-AzureBlobStorateTestTests.debug.xcconfig */,
				192641466F6668F026CC654A /* Pods-AzureBlobStorateTestTests.release.xcconfig */,
			);
			path = Pods;
			sourceTree = "<group>";
		};
		606BBD20F71B0ED6CC62309A /* Frameworks */ = {
			isa = PBXGroup;
			children = (
				979723EEEF0AB3867A7B92E8 /* Pods_AzureBlobStorateTest.framework */,
				C5FE77656C1D4FD63D42F269 /* Pods_AzureBlobStorateTest_AzureBlobStorateTestUITests.framework */,
				FC62671C567E51DC73F7161B /* Pods_AzureBlobStorateTestTests.framework */,
			);
			name = Frameworks;
			sourceTree = "<group>";
		};
		96357A762753979500FFC0F3 = {
			isa = PBXGroup;
			children = (
				96357A812753979500FFC0F3 /* AzureBlobStorateTest */,
				96357A982753979600FFC0F3 /* AzureBlobStorateTestTests */,
				96357AA22753979600FFC0F3 /* AzureBlobStorateTestUITests */,
				96357A802753979500FFC0F3 /* Products */,
				3FA2223A5206EF3B63C4BAA3 /* Pods */,
				606BBD20F71B0ED6CC62309A /* Frameworks */,
			);
			sourceTree = "<group>";
		};
		96357A802753979500FFC0F3 /* Products */ = {
			isa = PBXGroup;
			children = (
				96357A7F2753979500FFC0F3 /* AzureBlobStorateTest.app */,
				96357A952753979600FFC0F3 /* AzureBlobStorateTestTests.xctest */,
				96357A9F2753979600FFC0F3 /* AzureBlobStorateTestUITests.xctest */,
			);
			name = Products;
			sourceTree = "<group>";
		};
		96357A812753979500FFC0F3 /* AzureBlobStorateTest */ = {
			isa = PBXGroup;
			children = (
				96357A822753979500FFC0F3 /* AppDelegate.swift */,
				96357A842753979500FFC0F3 /* SceneDelegate.swift */,
				96357A862753979500FFC0F3 /* ViewController.swift */,
				96357A882753979500FFC0F3 /* Main.storyboard */,
				96357A8B2753979500FFC0F3 /* Assets.xcassets */,
				96357A8D2753979500FFC0F3 /* LaunchScreen.storyboard */,
				96357A902753979500FFC0F3 /* Info.plist */,
				96357AB2275399E600FFC0F3 /* Bridging-Header.h */,
			);
			path = AzureBlobStorateTest;
			sourceTree = "<group>";
		};
		96357A982753979600FFC0F3 /* AzureBlobStorateTestTests */ = {
			isa = PBXGroup;
			children = (
				96357A992753979600FFC0F3 /* AzureBlobStorateTestTests.swift */,
			);
			path = AzureBlobStorateTestTests;
			sourceTree = "<group>";
		};
		96357AA22753979600FFC0F3 /* AzureBlobStorateTestUITests */ = {
			isa = PBXGroup;
			children = (
				96357AA32753979600FFC0F3 /* AzureBlobStorateTestUITests.swift */,
				96357AA52753979600FFC0F3 /* AzureBlobStorateTestUITestsLaunchTests.swift */,
			);
			path = AzureBlobStorateTestUITests;
			sourceTree = "<group>";
		};
/* End PBXGroup section */

/* Begin PBXNativeTarget section */
		96357A7E2753979500FFC0F3 /* AzureBlobStorateTest */ = {
			isa = PBXNativeTarget;
			buildConfigurationList = 96357AA92753979600FFC0F3 /* Build configuration list for PBXNativeTarget "AzureBlobStorateTest" */;
			buildPhases = (
				7DCCB21B52BCB322A30C9079 /* [CP] Check Pods Manifest.lock */,
				96357A7B2753979500FFC0F3 /* Sources */,
				96357A7C2753979500FFC0F3 /* Frameworks */,
				96357A7D2753979500FFC0F3 /* Resources */,
				C88FA9F61BF1CB92AB52A27D /* [CP] Embed Pods Frameworks */,
			);
			buildRules = (
			);
			dependencies = (
			);
			name = AzureBlobStorateTest;
			productName = AzureBlobStorateTest;
			productReference = 96357A7F2753979500FFC0F3 /* AzureBlobStorateTest.app */;
			productType = "com.apple.product-type.application";
		};
		96357A942753979600FFC0F3 /* AzureBlobStorateTestTests */ = {
			isa = PBXNativeTarget;
			buildConfigurationList = 96357AAC2753979600FFC0F3 /* Build configuration list for PBXNativeTarget "AzureBlobStorateTestTests" */;
			buildPhases = (
				59F35DDFFEC1F6E9414568BF /* [CP] Check Pods Manifest.lock */,
				96357A912753979600FFC0F3 /* Sources */,
				96357A922753979600FFC0F3 /* Frameworks */,
				96357A932753979600FFC0F3 /* Resources */,
			);
			buildRules = (
			);
			dependencies = (
				96357A972753979600FFC0F3 /* PBXTargetDependency */,
			);
			name = AzureBlobStorateTestTests;
			productName = AzureBlobStorateTestTests;
			productReference = 96357A952753979600FFC0F3 /* AzureBlobStorateTestTests.xctest */;
			productType = "com.apple.product-type.bundle.unit-test";
		};
		96357A9E2753979600FFC0F3 /* AzureBlobStorateTestUITests */ = {
			isa = PBXNativeTarget;
			buildConfigurationList = 96357AAF2753979600FFC0F3 /* Build configuration list for PBXNativeTarget "AzureBlobStorateTestUITests" */;
			buildPhases = (
				726AF36E467942A6F3E2AFE9 /* [CP] Check Pods Manifest.lock */,
				96357A9B2753979600FFC0F3 /* Sources */,
				96357A9C2753979600FFC0F3 /* Frameworks */,
				96357A9D2753979600FFC0F3 /* Resources */,
				73CD2B20896865D1A1D2D34F /* [CP] Embed Pods Frameworks */,
			);
			buildRules = (
			);
			dependencies = (
				96357AA12753979600FFC0F3 /* PBXTargetDependency */,
			);
			name = AzureBlobStorateTestUITests;
			productName = AzureBlobStorateTestUITests;
			productReference = 96357A9F2753979600FFC0F3 /* AzureBlobStorateTestUITests.xctest */;
			productType = "com.apple.product-type.bundle.ui-testing";
		};
/* End PBXNativeTarget section */

/* Begin PBXProject section */
		96357A772753979500FFC0F3 /* Project object */ = {
			isa = PBXProject;
			attributes = {
				BuildIndependentTargetsInParallel = 1;
				LastSwiftUpdateCheck = 1310;
				LastUpgradeCheck = 1310;
				TargetAttributes = {
					96357A7E2753979500FFC0F3 = {
						CreatedOnToolsVersion = 13.1;
					};
					96357A942753979600FFC0F3 = {
						CreatedOnToolsVersion = 13.1;
						TestTargetID = 96357A7E2753979500FFC0F3;
					};
					96357A9E2753979600FFC0F3 = {
						CreatedOnToolsVersion = 13.1;
						TestTargetID = 96357A7E2753979500FFC0F3;
					};
				};
			};
			buildConfigurationList = 96357A7A2753979500FFC0F3 /* Build configuration list for PBXProject "AzureBlobStorateTest" */;
			compatibilityVersion = "Xcode 13.0";
			developmentRegion = en;
			hasScannedForEncodings = 0;
			knownRegions = (
				en,
				Base,
			);
			mainGroup = 96357A762753979500FFC0F3;
			productRefGroup = 96357A802753979500FFC0F3 /* Products */;
			projectDirPath = "";
			projectRoot = "";
			targets = (
				96357A7E2753979500FFC0F3 /* AzureBlobStorateTest */,
				96357A942753979600FFC0F3 /* AzureBlobStorateTestTests */,
				96357A9E2753979600FFC0F3 /* AzureBlobStorateTestUITests */,
			);
		};
/* End PBXProject section */

/* Begin PBXResourcesBuildPhase section */
		96357A7D2753979500FFC0F3 /* Resources */ = {
			isa = PBXResourcesBuildPhase;
			buildActionMask = 2147483647;
			files = (
				96357A8F2753979500FFC0F3 /* LaunchScreen.storyboard in Resources */,
				96357A8C2753979500FFC0F3 /* Assets.xcassets in Resources */,
				96357A8A2753979500FFC0F3 /* Main.storyboard in Resources */,
			);
			runOnlyForDeploymentPostprocessing = 0;
		};
		96357A932753979600FFC0F3 /* Resources */ = {
			isa = PBXResourcesBuildPhase;
			buildActionMask = 2147483647;
			files = (
			);
			runOnlyForDeploymentPostprocessing = 0;
		};
		96357A9D2753979600FFC0F3 /* Resources */ = {
			isa = PBXResourcesBuildPhase;
			buildActionMask = 2147483647;
			files = (
			);
			runOnlyForDeploymentPostprocessing = 0;
		};
/* End PBXResourcesBuildPhase section */

/* Begin PBXShellScriptBuildPhase section */
		59F35DDFFEC1F6E9414568BF /* [CP] Check Pods Manifest.lock */ = {
			isa = PBXShellScriptBuildPhase;
			buildActionMask = 2147483647;
			files = (
			);
			inputFileListPaths = (
			);
			inputPaths = (
				"${PODS_PODFILE_DIR_PATH}/Podfile.lock",
				"${PODS_ROOT}/Manifest.lock",
			);
			name = "[CP] Check Pods Manifest.lock";
			outputFileListPaths = (
			);
			outputPaths = (
				"$(DERIVED_FILE_DIR)/Pods-AzureBlobStorateTestTests-checkManifestLockResult.txt",
			);
			runOnlyForDeploymentPostprocessing = 0;
			shellPath = /bin/sh;
			shellScript = "diff \"${PODS_PODFILE_DIR_PATH}/Podfile.lock\" \"${PODS_ROOT}/Manifest.lock\" > /dev/null\nif [ $? != 0 ] ; then\n    # print error to STDERR\n    echo \"error: The sandbox is not in sync with the Podfile.lock. Run 'pod install' or update your CocoaPods installation.\" >&2\n    exit 1\nfi\n# This output is used by Xcode 'outputs' to avoid re-running this script phase.\necho \"SUCCESS\" > \"${SCRIPT_OUTPUT_FILE_0}\"\n";
			showEnvVarsInLog = 0;
		};
		726AF36E467942A6F3E2AFE9 /* [CP] Check Pods Manifest.lock */ = {
			isa = PBXShellScriptBuildPhase;
			buildActionMask = 2147483647;
			files = (
			);
			inputFileListPaths = (
			);
			inputPaths = (
				"${PODS_PODFILE_DIR_PATH}/Podfile.lock",
				"${PODS_ROOT}/Manifest.lock",
			);
			name = "[CP] Check Pods Manifest.lock";
			outputFileListPaths = (
			);
			outputPaths = (
				"$(DERIVED_FILE_DIR)/Pods-AzureBlobStorateTest-AzureBlobStorateTestUITests-checkManifestLockResult.txt",
			);
			runOnlyForDeploymentPostprocessing = 0;
			shellPath = /bin/sh;
			shellScript = "diff \"${PODS_PODFILE_DIR_PATH}/Podfile.lock\" \"${PODS_ROOT}/Manifest.lock\" > /dev/null\nif [ $? != 0 ] ; then\n    # print error to STDERR\n    echo \"error: The sandbox is not in sync with the Podfile.lock. Run 'pod install' or update your CocoaPods installation.\" >&2\n    exit 1\nfi\n# This output is used by Xcode 'outputs' to avoid re-running this script phase.\necho \"SUCCESS\" > \"${SCRIPT_OUTPUT_FILE_0}\"\n";
			showEnvVarsInLog = 0;
		};
		73CD2B20896865D1A1D2D34F /* [CP] Embed Pods Frameworks */ = {
			isa = PBXShellScriptBuildPhase;
			buildActionMask = 2147483647;
			files = (
			);
			inputFileListPaths = (
				"${PODS_ROOT}/Target Support Files/Pods-AzureBlobStorateTest-AzureBlobStorateTestUITests/Pods-AzureBlobStorateTest-AzureBlobStorateTestUITests-frameworks-${CONFIGURATION}-input-files.xcfilelist",
			);
			name = "[CP] Embed Pods Frameworks";
			outputFileListPaths = (
				"${PODS_ROOT}/Target Support Files/Pods-AzureBlobStorateTest-AzureBlobStorateTestUITests/Pods-AzureBlobStorateTest-AzureBlobStorateTestUITests-frameworks-${CONFIGURATION}-output-files.xcfilelist",
			);
			runOnlyForDeploymentPostprocessing = 0;
			shellPath = /bin/sh;
			shellScript = "\"${PODS_ROOT}/Target Support Files/Pods-AzureBlobStorateTest-AzureBlobStorateTestUITests/Pods-AzureBlobStorateTest-AzureBlobStorateTestUITests-frameworks.sh\"\n";
			showEnvVarsInLog = 0;
		};
		7DCCB21B52BCB322A30C9079 /* [CP] Check Pods Manifest.lock */ = {
			isa = PBXShellScriptBuildPhase;
			buildActionMask = 2147483647;
			files = (
			);
			inputFileListPaths = (
			);
			inputPaths = (
				"${PODS_PODFILE_DIR_PATH}/Podfile.lock",
				"${PODS_ROOT}/Manifest.lock",
			);
			name = "[CP] Check Pods Manifest.lock";
			outputFileListPaths = (
			);
			outputPaths = (
				"$(DERIVED_FILE_DIR)/Pods-AzureBlobStorateTest-checkManifestLockResult.txt",
			);
			runOnlyForDeploymentPostprocessing = 0;
			shellPath = /bin/sh;
			shellScript = "diff \"${PODS_PODFILE_DIR_PATH}/Podfile.lock\" \"${PODS_ROOT}/Manifest.lock\" > /dev/null\nif [ $? != 0 ] ; then\n    # print error to STDERR\n    echo \"error: The sandbox is not in sync with the Podfile.lock. Run 'pod install' or update your CocoaPods installation.\" >&2\n    exit 1\nfi\n# This output is used by Xcode 'outputs' to avoid re-running this script phase.\necho \"SUCCESS\" > \"${SCRIPT_OUTPUT_FILE_0}\"\n";
			showEnvVarsInLog = 0;
		};
		C88FA9F61BF1CB92AB52A27D /* [CP] Embed Pods Frameworks */ = {
			isa = PBXShellScriptBuildPhase;
			buildActionMask = 2147483647;
			files = (
			);
			inputFileListPaths = (
				"${PODS_ROOT}/Target Support Files/Pods-AzureBlobStorateTest/Pods-AzureBlobStorateTest-frameworks-${CONFIGURATION}-input-files.xcfilelist",
			);
			name = "[CP] Embed Pods Frameworks";
			outputFileListPaths = (
				"${PODS_ROOT}/Target Support Files/Pods-AzureBlobStorateTest/Pods-AzureBlobStorateTest-frameworks-${CONFIGURATION}-output-files.xcfilelist",
			);
			runOnlyForDeploymentPostprocessing = 0;
			shellPath = /bin/sh;
			shellScript = "\"${PODS_ROOT}/Target Support Files/Pods-AzureBlobStorateTest/Pods-AzureBlobStorateTest-frameworks.sh\"\n";
			showEnvVarsInLog = 0;
		};
/* End PBXShellScriptBuildPhase section */

/* Begin PBXSourcesBuildPhase section */
		96357A7B2753979500FFC0F3 /* Sources */ = {
			isa = PBXSourcesBuildPhase;
			buildActionMask = 2147483647;
			files = (
				96357A872753979500FFC0F3 /* ViewController.swift in Sources */,
				96357A832753979500FFC0F3 /* AppDelegate.swift in Sources */,
				96357A852753979500FFC0F3 /* SceneDelegate.swift in Sources */,
			);
			runOnlyForDeploymentPostprocessing = 0;
		};
		96357A912753979600FFC0F3 /* Sources */ = {
			isa = PBXSourcesBuildPhase;
			buildActionMask = 2147483647;
			files = (
				96357A9A2753979600FFC0F3 /* AzureBlobStorateTestTests.swift in Sources */,
			);
			runOnlyForDeploymentPostprocessing = 0;
		};
		96357A9B2753979600FFC0F3 /* Sources */ = {
			isa = PBXSourcesBuildPhase;
			buildActionMask = 2147483647;
			files = (
				96357AA62753979600FFC0F3 /* AzureBlobStorateTestUITestsLaunchTests.swift in Sources */,
				96357AA42753979600FFC0F3 /* AzureBlobStorateTestUITests.swift in Sources */,
			);
			runOnlyForDeploymentPostprocessing = 0;
		};
/* End PBXSourcesBuildPhase section */

/* Begin PBXTargetDependency section */
		96357A972753979600FFC0F3 /* PBXTargetDependency */ = {
			isa = PBXTargetDependency;
			target = 96357A7E2753979500FFC0F3 /* AzureBlobStorateTest */;
			targetProxy = 96357A962753979600FFC0F3 /* PBXContainerItemProxy */;
		};
		96357AA12753979600FFC0F3 /* PBXTargetDependency */ = {
			isa = PBXTargetDependency;
			target = 96357A7E2753979500FFC0F3 /* AzureBlobStorateTest */;
			targetProxy = 96357AA02753979600FFC0F3 /* PBXContainerItemProxy */;
		};
/* End PBXTargetDependency section */

/* Begin PBXVariantGroup section */
		96357A882753979500FFC0F3 /* Main.storyboard */ = {
			isa = PBXVariantGroup;
			children = (
				96357A892753979500FFC0F3 /* Base */,
			);
			name = Main.storyboard;
			sourceTree = "<group>";
		};
		96357A8D2753979500FFC0F3 /* LaunchScreen.storyboard */ = {
			isa = PBXVariantGroup;
			children = (
				96357A8E2753979500FFC0F3 /* Base */,
			);
			name = LaunchScreen.storyboard;
			sourceTree = "<group>";
		};
/* End PBXVariantGroup section */

/* Begin XCBuildConfiguration section */
		96357AA72753979600FFC0F3 /* Debug */ = {
			isa = XCBuildConfiguration;
			buildSettings = {
				ALWAYS_SEARCH_USER_PATHS = NO;
				CLANG_ANALYZER_NONNULL = YES;
				CLANG_ANALYZER_NUMBER_OBJECT_CONVERSION = YES_AGGRESSIVE;
				CLANG_CXX_LANGUAGE_STANDARD = "gnu++17";
				CLANG_CXX_LIBRARY = "libc++";
				CLANG_ENABLE_MODULES = YES;
				CLANG_ENABLE_OBJC_ARC = YES;
				CLANG_ENABLE_OBJC_WEAK = YES;
				CLANG_WARN_BLOCK_CAPTURE_AUTORELEASING = YES;
				CLANG_WARN_BOOL_CONVERSION = YES;
				CLANG_WARN_COMMA = YES;
				CLANG_WARN_CONSTANT_CONVERSION = YES;
				CLANG_WARN_DEPRECATED_OBJC_IMPLEMENTATIONS = YES;
				CLANG_WARN_DIRECT_OBJC_ISA_USAGE = YES_ERROR;
				CLANG_WARN_DOCUMENTATION_COMMENTS = YES;
				CLANG_WARN_EMPTY_BODY = YES;
				CLANG_WARN_ENUM_CONVERSION = YES;
				CLANG_WARN_INFINITE_RECURSION = YES;
				CLANG_WARN_INT_CONVERSION = YES;
				CLANG_WARN_NON_LITERAL_NULL_CONVERSION = YES;
				CLANG_WARN_OBJC_IMPLICIT_RETAIN_SELF = YES;
				CLANG_WARN_OBJC_LITERAL_CONVERSION = YES;
				CLANG_WARN_OBJC_ROOT_CLASS = YES_ERROR;
				CLANG_WARN_QUOTED_INCLUDE_IN_FRAMEWORK_HEADER = YES;
				CLANG_WARN_RANGE_LOOP_ANALYSIS = YES;
				CLANG_WARN_STRICT_PROTOTYPES = YES;
				CLANG_WARN_SUSPICIOUS_MOVE = YES;
				CLANG_WARN_UNGUARDED_AVAILABILITY = YES_AGGRESSIVE;
				CLANG_WARN_UNREACHABLE_CODE = YES;
				CLANG_WARN__DUPLICATE_METHOD_MATCH = YES;
				COPY_PHASE_STRIP = NO;
				DEBUG_INFORMATION_FORMAT = dwarf;
				ENABLE_STRICT_OBJC_MSGSEND = YES;
				ENABLE_TESTABILITY = YES;
				GCC_C_LANGUAGE_STANDARD = gnu11;
				GCC_DYNAMIC_NO_PIC = NO;
				GCC_NO_COMMON_BLOCKS = YES;
				GCC_OPTIMIZATION_LEVEL = 0;
				GCC_PREPROCESSOR_DEFINITIONS = (
					"DEBUG=1",
					"$(inherited)",
				);
				GCC_WARN_64_TO_32_BIT_CONVERSION = YES;
				GCC_WARN_ABOUT_RETURN_TYPE = YES_ERROR;
				GCC_WARN_UNDECLARED_SELECTOR = YES;
				GCC_WARN_UNINITIALIZED_AUTOS = YES_AGGRESSIVE;
				GCC_WARN_UNUSED_FUNCTION = YES;
				GCC_WARN_UNUSED_VARIABLE = YES;
				IPHONEOS_DEPLOYMENT_TARGET = 15.0;
				MTL_ENABLE_DEBUG_INFO = INCLUDE_SOURCE;
				MTL_FAST_MATH = YES;
				ONLY_ACTIVE_ARCH = YES;
				SDKROOT = iphoneos;
				SWIFT_ACTIVE_COMPILATION_CONDITIONS = DEBUG;
				SWIFT_OPTIMIZATION_LEVEL = "-Onone";
			};
			name = Debug;
		};
		96357AA82753979600FFC0F3 /* Release */ = {
			isa = XCBuildConfiguration;
			buildSettings = {
				ALWAYS_SEARCH_USER_PATHS = NO;
				CLANG_ANALYZER_NONNULL = YES;
				CLANG_ANALYZER_NUMBER_OBJECT_CONVERSION = YES_AGGRESSIVE;
				CLANG_CXX_LANGUAGE_STANDARD = "gnu++17";
				CLANG_CXX_LIBRARY = "libc++";
				CLANG_ENABLE_MODULES = YES;
				CLANG_ENABLE_OBJC_ARC = YES;
				CLANG_ENABLE_OBJC_WEAK = YES;
				CLANG_WARN_BLOCK_CAPTURE_AUTORELEASING = YES;
				CLANG_WARN_BOOL_CONVERSION = YES;
				CLANG_WARN_COMMA = YES;
				CLANG_WARN_CONSTANT_CONVERSION = YES;
				CLANG_WARN_DEPRECATED_OBJC_IMPLEMENTATIONS = YES;
				CLANG_WARN_DIRECT_OBJC_ISA_USAGE = YES_ERROR;
				CLANG_WARN_DOCUMENTATION_COMMENTS = YES;
				CLANG_WARN_EMPTY_BODY = YES;
				CLANG_WARN_ENUM_CONVERSION = YES;
				CLANG_WARN_INFINITE_RECURSION = YES;
				CLANG_WARN_INT_CONVERSION = YES;
				CLANG_WARN_NON_LITERAL_NULL_CONVERSION = YES;
				CLANG_WARN_OBJC_IMPLICIT_RETAIN_SELF = YES;
				CLANG_WARN_OBJC_LITERAL_CONVERSION = YES;
				CLANG_WARN_OBJC_ROOT_CLASS = YES_ERROR;
				CLANG_WARN_QUOTED_INCLUDE_IN_FRAMEWORK_HEADER = YES;
				CLANG_WARN_RANGE_LOOP_ANALYSIS = YES;
				CLANG_WARN_STRICT_PROTOTYPES = YES;
				CLANG_WARN_SUSPICIOUS_MOVE = YES;
				CLANG_WARN_UNGUARDED_AVAILABILITY = YES_AGGRESSIVE;
				CLANG_WARN_UNREACHABLE_CODE = YES;
				CLANG_WARN__DUPLICATE_METHOD_MATCH = YES;
				COPY_PHASE_STRIP = NO;
				DEBUG_INFORMATION_FORMAT = "dwarf-with-dsym";
				ENABLE_NS_ASSERTIONS = NO;
				ENABLE_STRICT_OBJC_MSGSEND = YES;
				GCC_C_LANGUAGE_STANDARD = gnu11;
				GCC_NO_COMMON_BLOCKS = YES;
				GCC_WARN_64_TO_32_BIT_CONVERSION = YES;
				GCC_WARN_ABOUT_RETURN_TYPE = YES_ERROR;
				GCC_WARN_UNDECLARED_SELECTOR = YES;
				GCC_WARN_UNINITIALIZED_AUTOS = YES_AGGRESSIVE;
				GCC_WARN_UNUSED_FUNCTION = YES;
				GCC_WARN_UNUSED_VARIABLE = YES;
				IPHONEOS_DEPLOYMENT_TARGET = 15.0;
				MTL_ENABLE_DEBUG_INFO = NO;
				MTL_FAST_MATH = YES;
				SDKROOT = iphoneos;
				SWIFT_COMPILATION_MODE = wholemodule;
				SWIFT_OPTIMIZATION_LEVEL = "-O";
				VALIDATE_PRODUCT = YES;
			};
			name = Release;
		};
		96357AAA2753979600FFC0F3 /* Debug */ = {
			isa = XCBuildConfiguration;
			baseConfigurationReference = 9B02767FC730B13A2505F6BB /* Pods-AzureBlobStorateTest.debug.xcconfig */;
			buildSettings = {
				ASSETCATALOG_COMPILER_APPICON_NAME = AppIcon;
				ASSETCATALOG_COMPILER_GLOBAL_ACCENT_COLOR_NAME = AccentColor;
				CODE_SIGN_STYLE = Automatic;
				CURRENT_PROJECT_VERSION = 1;
				GENERATE_INFOPLIST_FILE = YES;
				INFOPLIST_FILE = AzureBlobStorateTest/Info.plist;
				INFOPLIST_KEY_UIApplicationSupportsIndirectInputEvents = YES;
				INFOPLIST_KEY_UILaunchStoryboardName = LaunchScreen;
				INFOPLIST_KEY_UIMainStoryboardFile = Main;
				INFOPLIST_KEY_UISupportedInterfaceOrientations_iPad = "UIInterfaceOrientationPortrait UIInterfaceOrientationPortraitUpsideDown UIInterfaceOrientationLandscapeLeft UIInterfaceOrientationLandscapeRight";
				INFOPLIST_KEY_UISupportedInterfaceOrientations_iPhone = "UIInterfaceOrientationPortrait UIInterfaceOrientationLandscapeLeft UIInterfaceOrientationLandscapeRight";
				LD_RUNPATH_SEARCH_PATHS = (
					"$(inherited)",
					"@executable_path/Frameworks",
				);
				MARKETING_VERSION = 1.0;
				PRODUCT_BUNDLE_IDENTIFIER = net.jellyworks.AzureBlobStorateTest;
				PRODUCT_NAME = "$(TARGET_NAME)";
				SWIFT_EMIT_LOC_STRINGS = YES;
				SWIFT_VERSION = 5.0;
				TARGETED_DEVICE_FAMILY = "1,2";
			};
			name = Debug;
		};
		96357AAB2753979600FFC0F3 /* Release */ = {
			isa = XCBuildConfiguration;
			baseConfigurationReference = B29B3386774EE842E0EB0032 /* Pods-AzureBlobStorateTest.release.xcconfig */;
			buildSettings = {
				ASSETCATALOG_COMPILER_APPICON_NAME = AppIcon;
				ASSETCATALOG_COMPILER_GLOBAL_ACCENT_COLOR_NAME = AccentColor;
				CODE_SIGN_STYLE = Automatic;
				CURRENT_PROJECT_VERSION = 1;
				GENERATE_INFOPLIST_FILE = YES;
				INFOPLIST_FILE = AzureBlobStorateTest/Info.plist;
				INFOPLIST_KEY_UIApplicationSupportsIndirectInputEvents = YES;
				INFOPLIST_KEY_UILaunchStoryboardName = LaunchScreen;
				INFOPLIST_KEY_UIMainStoryboardFile = Main;
				INFOPLIST_KEY_UISupportedInterfaceOrientations_iPad = "UIInterfaceOrientationPortrait UIInterfaceOrientationPortraitUpsideDown UIInterfaceOrientationLandscapeLeft UIInterfaceOrientationLandscapeRight";
				INFOPLIST_KEY_UISupportedInterfaceOrientations_iPhone = "UIInterfaceOrientationPortrait UIInterfaceOrientationLandscapeLeft UIInterfaceOrientationLandscapeRight";
				LD_RUNPATH_SEARCH_PATHS = (
					"$(inherited)",
					"@executable_path/Frameworks",
				);
				MARKETING_VERSION = 1.0;
				PRODUCT_BUNDLE_IDENTIFIER = net.jellyworks.AzureBlobStorateTest;
				PRODUCT_NAME = "$(TARGET_NAME)";
				SWIFT_EMIT_LOC_STRINGS = YES;
				SWIFT_VERSION = 5.0;
				TARGETED_DEVICE_FAMILY = "1,2";
			};
			name = Release;
		};
		96357AAD2753979600FFC0F3 /* Debug */ = {
			isa = XCBuildConfiguration;
			baseConfigurationReference = 4AFE42DD58BEFE9292EA622D /* Pods-AzureBlobStorateTestTests.debug.xcconfig */;
			buildSettings = {
				ALWAYS_EMBED_SWIFT_STANDARD_LIBRARIES = YES;
				BUNDLE_LOADER = "$(TEST_HOST)";
				CODE_SIGN_STYLE = Automatic;
				CURRENT_PROJECT_VERSION = 1;
				GENERATE_INFOPLIST_FILE = YES;
				IPHONEOS_DEPLOYMENT_TARGET = 15.0;
				LD_RUNPATH_SEARCH_PATHS = (
					"$(inherited)",
					"@executable_path/Frameworks",
					"@loader_path/Frameworks",
				);
				MARKETING_VERSION = 1.0;
				PRODUCT_BUNDLE_IDENTIFIER = net.jellyworks.AzureBlobStorateTestTests;
				PRODUCT_NAME = "$(TARGET_NAME)";
				SWIFT_EMIT_LOC_STRINGS = NO;
				SWIFT_VERSION = 5.0;
				TARGETED_DEVICE_FAMILY = "1,2";
				TEST_HOST = "$(BUILT_PRODUCTS_DIR)/AzureBlobStorateTest.app/AzureBlobStorateTest";
			};
			name = Debug;
		};
		96357AAE2753979600FFC0F3 /* Release */ = {
			isa = XCBuildConfiguration;
			baseConfigurationReference = 192641466F6668F026CC654A /* Pods-AzureBlobStorateTestTests.release.xcconfig */;
			buildSettings = {
				ALWAYS_EMBED_SWIFT_STANDARD_LIBRARIES = YES;
				BUNDLE_LOADER = "$(TEST_HOST)";
				CODE_SIGN_STYLE = Automatic;
				CURRENT_PROJECT_VERSION = 1;
				GENERATE_INFOPLIST_FILE = YES;
				IPHONEOS_DEPLOYMENT_TARGET = 15.0;
				LD_RUNPATH_SEARCH_PATHS = (
					"$(inherited)",
					"@executable_path/Frameworks",
					"@loader_path/Frameworks",
				);
				MARKETING_VERSION = 1.0;
				PRODUCT_BUNDLE_IDENTIFIER = net.jellyworks.AzureBlobStorateTestTests;
				PRODUCT_NAME = "$(TARGET_NAME)";
				SWIFT_EMIT_LOC_STRINGS = NO;
				SWIFT_VERSION = 5.0;
				TARGETED_DEVICE_FAMILY = "1,2";
				TEST_HOST = "$(BUILT_PRODUCTS_DIR)/AzureBlobStorateTest.app/AzureBlobStorateTest";
			};
			name = Release;
		};
		96357AB02753979600FFC0F3 /* Debug */ = {
			isa = XCBuildConfiguration;
			baseConfigurationReference = 78C4DCDBDFF37D9D34E4B190 /* Pods-AzureBlobStorateTest-AzureBlobStorateTestUITests.debug.xcconfig */;
			buildSettings = {
				ALWAYS_EMBED_SWIFT_STANDARD_LIBRARIES = YES;
				CODE_SIGN_STYLE = Automatic;
				CURRENT_PROJECT_VERSION = 1;
				GENERATE_INFOPLIST_FILE = YES;
				LD_RUNPATH_SEARCH_PATHS = (
					"$(inherited)",
					"@executable_path/Frameworks",
					"@loader_path/Frameworks",
				);
				MARKETING_VERSION = 1.0;
				PRODUCT_BUNDLE_IDENTIFIER = net.jellyworks.AzureBlobStorateTestUITests;
				PRODUCT_NAME = "$(TARGET_NAME)";
				SWIFT_EMIT_LOC_STRINGS = NO;
				SWIFT_VERSION = 5.0;
				TARGETED_DEVICE_FAMILY = "1,2";
				TEST_TARGET_NAME = AzureBlobStorateTest;
			};
			name = Debug;
		};
		96357AB12753979600FFC0F3 /* Release */ = {
			isa = XCBuildConfiguration;
			baseConfigurationReference = 34F19D76A77DD1AAF37D10C8 /* Pods-AzureBlobStorateTest-AzureBlobStorateTestUITests.release.xcconfig */;
			buildSettings = {
				ALWAYS_EMBED_SWIFT_STANDARD_LIBRARIES = YES;
				CODE_SIGN_STYLE = Automatic;
				CURRENT_PROJECT_VERSION = 1;
				GENERATE_INFOPLIST_FILE = YES;
				LD_RUNPATH_SEARCH_PATHS = (
					"$(inherited)",
					"@executable_path/Frameworks",
					"@loader_path/Frameworks",
				);
				MARKETING_VERSION = 1.0;
				PRODUCT_BUNDLE_IDENTIFIER = net.jellyworks.AzureBlobStorateTestUITests;
				PRODUCT_NAME = "$(TARGET_NAME)";
				SWIFT_EMIT_LOC_STRINGS = NO;
				SWIFT_VERSION = 5.0;
				TARGETED_DEVICE_FAMILY = "1,2";
				TEST_TARGET_NAME = AzureBlobStorateTest;
			};
			name = Release;
		};
/* End XCBuildConfiguration section */

/* Begin XCConfigurationList section */
		96357A7A2753979500FFC0F3 /* Build configuration list for PBXProject "AzureBlobStorateTest" */ = {
			isa = XCConfigurationList;
			buildConfigurations = (
				96357AA72753979600FFC0F3 /* Debug */,
				96357AA82753979600FFC0F3 /* Release */,
			);
			defaultConfigurationIsVisible = 0;
			defaultConfigurationName = Release;
		};
		96357AA92753979600FFC0F3 /* Build configuration list for PBXNativeTarget "AzureBlobStorateTest" */ = {
			isa = XCConfigurationList;
			buildConfigurations = (
				96357AAA2753979600FFC0F3 /* Debug */,
				96357AAB2753979600FFC0F3 /* Release */,
			);
			defaultConfigurationIsVisible = 0;
			defaultConfigurationName = Release;
		};
		96357AAC2753979600FFC0F3 /* Build configuration list for PBXNativeTarget "AzureBlobStorateTestTests" */ = {
			isa = XCConfigurationList;
			buildConfigurations = (
				96357AAD2753979600FFC0F3 /* Debug */,
				96357AAE2753979600FFC0F3 /* Release */,
			);
			defaultConfigurationIsVisible = 0;
			defaultConfigurationName = Release;
		};
		96357AAF2753979600FFC0F3 /* Build configuration list for PBXNativeTarget "AzureBlobStorateTestUITests" */ = {
			isa = XCConfigurationList;
			buildConfigurations = (
				96357AB02753979600FFC0F3 /* Debug */,
				96357AB12753979600FFC0F3 /* Release */,
			);
			defaultConfigurationIsVisible = 0;
			defaultConfigurationName = Release;
		};
/* End XCConfigurationList section */
	};
	rootObject = 96357A772753979500FFC0F3 /* Project object */;
}
